
Microsoft Visual Studio Solution File, Format Version 12.00
# Visual Studio Version 16
VisualStudioVersion = 16.0.30011.22
MinimumVisualStudioVersion = 10.0.40219.1
Project("{FAE04EC0-301F-11D3-BF4B-00C04F79EFBC}") = "CrossPlatformCryptographer", "CrossPlatformCryptographer\CrossPlatformCryptographer.csproj", "{05C54676-02B9-4944-9CE2-613544793087}"
EndProject
Project("{FAE04EC0-301F-11D3-BF4B-00C04F79EFBC}") = "CrossPlatformConsoleRunner", "CrossPlatformConsoleRunner\CrossPlatformConsoleRunner.csproj", "{62CBB42A-23D3-4A19-82D8-25212064475B}"
EndProject
Global
	GlobalSection(SolutionConfigurationPlatforms) = preSolution
		Debug|Any CPU = Debug|Any CPU
		Release|Any CPU = Release|Any CPU
	EndGlobalSection
	GlobalSection(ProjectConfigurationPlatforms) = postSolution
		{05C54676-02B9-4944-9CE2-613544793087}.Debug|Any CPU.ActiveCfg = Debug|Any CPU
		{05C54676-02B9-4944-9CE2-613544793087}.Debug|Any CPU.Build.0 = Debug|Any CPU
		{05C54676-02B9-4944-9CE2-613544793087}.Release|Any CPU.ActiveCfg = Release|Any CPU
		{05C54676-02B9-4944-9CE2-613544793087}.Release|Any CPU.Build.0 = Release|Any CPU
		{62CBB42A-23D3-4A19-82D8-25212064475B}.Debug|Any CPU.ActiveCfg = Debug|Any CPU
		{62CBB42A-23D3-4A19-82D8-25212064475B}.Debug|Any CPU.Build.0 = Debug|Any CPU
		{62CBB42A-23D3-4A19-82D8-25212064475B}.Release|Any CPU.ActiveCfg = Release|Any CPU
		{62CBB42A-23D3-4A19-82D8-25212064475B}.Release|Any CPU.Build.0 = Release|Any CPU
	EndGlobalSection
	GlobalSection(SolutionProperties) = preSolution
		HideSolutionNode = FALSE
	EndGlobalSection
	GlobalSection(ExtensibilityGlobals) = postSolution
		SolutionGuid = {239076BF-D083-4974-B22B-E70E7B52F98B}
	EndGlobalSection
EndGlobal
